{
  "nodes": {
    "nixpkgs": {
      "locked": {
        "lastModified": 1780030872,
        "narHash": "sha256-u6WU/yd/o8iYQrHX3RAwO1hYa3LkoSL+WNQD0rJfJZQ=",
        "owner": "NixOS",
        "repo": "nixpkgs",
        "rev": "e9a7635a57597d9754eccebdfc7045e6c8600e6b",
        "type": "github"
      },
      "original": {
        "owner": "NixOS",
        "repo": "nixpkgs",
        "rev": "e9a7635a57597d9754eccebdfc7045e6c8600e6b",
        "type": "github"
      }
    },
    "root": {
      "inputs": {
        "nixpkgs": "nixpkgs",
        "wdotool": "wdotool"
      }
    },
    "wdotool": {
      "flake": false,
      "locked": {
        "lastModified": 1779523593,
        "narHash": "sha256-V0DOznaptdFrNxtTpJZtJIVikZTXa9zacNFWceGAu+o=",
        "owner": "cushycush",
        "repo": "wdotool",
        "rev": "662d7079b669de164797f46fd437c0cf7854bf82",
        "type": "github"
      },
      "original": {
        "owner": "cushycush",
        "repo": "wdotool",
        "rev": "662d7079b669de164797f46fd437c0cf7854bf82",
        "type": "github"
      }
    }
  },
  "root": "root",
  "version": 7
}
